
Microsoft Visual Studio Solution File, Format Version 12.00
# Visual Studio Version 17
VisualStudioVersion = 17.6.33829.357
MinimumVisualStudioVersion = 10.0.40219.1
Project("{FAE04EC0-301F-11D3-BF4B-00C04F79EFBC}") = "SRPViolation", "SRPViolation\SRPViolation.csproj", "{7E736587-2856-4BDA-91FD-1976670C74FA}"
EndProject
Project("{FAE04EC0-301F-11D3-BF4B-00C04F79EFBC}") = "SRPSoluction", "SRPSoluction\SRPSoluction.csproj", "{A6EC5ECE-2942-4240-BBC7-B80FE5F3F5C2}"
EndProject
Global
	GlobalSection(SolutionConfigurationPlatforms) = preSolution
		Debug|Any CPU = Debug|Any CPU
		Release|Any CPU = Release|Any CPU
	EndGlobalSection
	GlobalSection(ProjectConfigurationPlatforms) = postSolution
		{7E736587-2856-4BDA-91FD-1976670C74FA}.Debug|Any CPU.ActiveCfg = Debug|Any CPU
		{7E736587-2856-4BDA-91FD-1976670C74FA}.Debug|Any CPU.Build.0 = Debug|Any CPU
		{7E736587-2856-4BDA-91FD-1976670C74FA}.Release|Any CPU.ActiveCfg = Release|Any CPU
		{7E736587-2856-4BDA-91FD-1976670C74FA}.Release|Any CPU.Build.0 = Release|Any CPU
		{A6EC5ECE-2942-4240-BBC7-B80FE5F3F5C2}.Debug|Any CPU.ActiveCfg = Debug|Any CPU
		{A6EC5ECE-2942-4240-BBC7-B80FE5F3F5C2}.Debug|Any CPU.Build.0 = Debug|Any CPU
		{A6EC5ECE-2942-4240-BBC7-B80FE5F3F5C2}.Release|Any CPU.ActiveCfg = Release|Any CPU
		{A6EC5ECE-2942-4240-BBC7-B80FE5F3F5C2}.Release|Any CPU.Build.0 = Release|Any CPU
	EndGlobalSection
	GlobalSection(SolutionProperties) = preSolution
		HideSolutionNode = FALSE
	EndGlobalSection
	GlobalSection(ExtensibilityGlobals) = postSolution
		SolutionGuid = {B9AC2509-0174-4601-B4B3-D5BC9527C7F1}
	EndGlobalSection
EndGlobal
